
Microsoft Visual Studio Solution File, Format Version 12.00
# Visual Studio Version 17
VisualStudioVersion = 17.6.33815.320
MinimumVisualStudioVersion = 10.0.40219.1
Project("{9A19103F-16F7-4668-BE54-9A1E7A4F7556}") = "ManagementConsole", "ManagementConsole\ManagementConsole.csproj", "{6796B2FF-BC32-4954-AF20-32928FC67249}"
EndProject
Project("{9A19103F-16F7-4668-BE54-9A1E7A4F7556}") = "Shared", "Shared\Shared.csproj", "{BF70F846-FA6D-497C-964A-17E74C8AA097}"
EndProject
Project("{FAE04EC0-301F-11D3-BF4B-00C04F79EFBC}") = "ClientConsole", "Client\ClientConsole.csproj", "{99AF47EC-5069-4BA8-9589-25D8DD860DAF}"
EndProject
Global
	GlobalSection(SolutionConfigurationPlatforms) = preSolution
		Debug|Any CPU = Debug|Any CPU
		Release|Any CPU = Release|Any CPU
	EndGlobalSection
	GlobalSection(ProjectConfigurationPlatforms) = postSolution
		{6796B2FF-BC32-4954-AF20-32928FC67249}.Debug|Any CPU.ActiveCfg = Debug|Any CPU
		{6796B2FF-BC32-4954-AF20-32928FC67249}.Debug|Any CPU.Build.0 = Debug|Any CPU
		{6796B2FF-BC32-4954-AF20-32928FC67249}.Release|Any CPU.ActiveCfg = Release|Any CPU
		{6796B2FF-BC32-4954-AF20-32928FC67249}.Release|Any CPU.Build.0 = Release|Any CPU
		{BF70F846-FA6D-497C-964A-17E74C8AA097}.Debug|Any CPU.ActiveCfg = Debug|Any CPU
		{BF70F846-FA6D-497C-964A-17E74C8AA097}.Debug|Any CPU.Build.0 = Debug|Any CPU
		{BF70F846-FA6D-497C-964A-17E74C8AA097}.Release|Any CPU.ActiveCfg = Release|Any CPU
		{BF70F846-FA6D-497C-964A-17E74C8AA097}.Release|Any CPU.Build.0 = Release|Any CPU
		{99AF47EC-5069-4BA8-9589-25D8DD860DAF}.Debug|Any CPU.ActiveCfg = Debug|Any CPU
		{99AF47EC-5069-4BA8-9589-25D8DD860DAF}.Debug|Any CPU.Build.0 = Debug|Any CPU
		{99AF47EC-5069-4BA8-9589-25D8DD860DAF}.Release|Any CPU.ActiveCfg = Release|Any CPU
		{99AF47EC-5069-4BA8-9589-25D8DD860DAF}.Release|Any CPU.Build.0 = Release|Any CPU
	EndGlobalSection
	GlobalSection(SolutionProperties) = preSolution
		HideSolutionNode = FALSE
	EndGlobalSection
	GlobalSection(ExtensibilityGlobals) = postSolution
		SolutionGuid = {023A9DF9-9F46-43AD-A7ED-D6A92BDB43C4}
	EndGlobalSection
EndGlobal
